// !$*UTF8*$!
{
	archiveVersion = 1;
	classes = {
	};
	objectVersion = 55;
	objects = {

/* Begin PBXBuildFile section */
		8648ECB127BAC07C001FF1B3 /* InputView.swift in Sources */ = {isa = PBXBuildFile; fileRef = 8648ECB027BAC07C001FF1B3 /* InputView.swift */; };
		8648ECB527BBBF9F001FF1B3 /* FoodData.swift in Sources */ = {isa = PBXBuildFile; fileRef = 8648ECB427BBBF9F001FF1B3 /* FoodData.swift */; };
		86DAB97527B677CD00EA0D2E /* FoodTrackerApp.swift in Sources */ = {isa = PBXBuildFile; fileRef = 86DAB97427B677CD00EA0D2E /* FoodTrackerApp.swift */; };
		86DAB97727B677CD00EA0D2E /* ContentView.swift in Sources */ = {isa = PBXBuildFile; fileRef = 86DAB97627B677CD00EA0D2E /* ContentView.swift */; };
		86DAB97927B677CF00EA0D2E /* Assets.xcassets in Resources */ = {isa = PBXBuildFile; fileRef = 86DAB97827B677CF00EA0D2E /* Assets.xcassets */; };
		86DAB97C27B677CF00EA0D2E /* Preview Assets.xcassets in Resources */ = {isa = PBXBuildFile; fileRef = 86DAB97B27B677CF00EA0D2E /* Preview Assets.xcassets */; };
		86DAB97E27B677CF00EA0D2E /* Persistence.swift in Sources */ = {isa = PBXBuildFile; fileRef = 86DAB97D27B677CF00EA0D2E /* Persistence.swift */; };
		86DAB98127B677CF00EA0D2E /* FoodTracker.xcdatamodeld in Sources */ = {isa = PBXBuildFile; fileRef = 86DAB97F27B677CF00EA0D2E /* FoodTracker.xcdatamodeld */; };
		86DAB98A27B7116600EA0D2E /* FoodListRow.swift in Sources */ = {isa = PBXBuildFile; fileRef = 86DAB98927B7116600EA0D2E /* FoodListRow.swift */; };
		86DAB98C27B7C4B900EA0D2E /* FoodModel.swift in Sources */ = {isa = PBXBuildFile; fileRef = 86DAB98B27B7C4B900EA0D2E /* FoodModel.swift */; };
		86DAB99027B7C87A00EA0D2E /* FoodList.swift in Sources */ = {isa = PBXBuildFile; fileRef = 86DAB98F27B7C87A00EA0D2E /* FoodList.swift */; };
		86DAB99227B806DB00EA0D2E /* DetailedView.swift in Sources */ = {isa = PBXBuildFile; fileRef = 86DAB99127B806DB00EA0D2E /* DetailedView.swift */; };
		86DAB99427B81D3B00EA0D2E /* NutritionModel.swift in Sources */ = {isa = PBXBuildFile; fileRef = 86DAB99327B81D3B00EA0D2E /* NutritionModel.swift */; };
/* End PBXBuildFile section */

/* Begin PBXFileReference section */
		8648ECB027BAC07C001FF1B3 /* InputView.swift */ = {isa = PBXFileReference; lastKnownFileType = sourcecode.swift; path = InputView.swift; sourceTree = "<group>"; };
		8648ECB427BBBF9F001FF1B3 /* FoodData.swift */ = {isa = PBXFileReference; fileEncoding = 4; lastKnownFileType = sourcecode.swift; path = FoodData.swift; sourceTree = "<group>"; };
		86DAB97127B677CD00EA0D2E /* FoodTracker.app */ = {isa = PBXFileReference; explicitFileType = wrapper.application; includeInIndex = 0; path = FoodTracker.app; sourceTree = BUILT_PRODUCTS_DIR; };
		86DAB97427B677CD00EA0D2E /* FoodTrackerApp.swift */ = {isa = PBXFileReference; lastKnownFileType = sourcecode.swift; path = FoodTrackerApp.swift; sourceTree = "<group>"; };
		86DAB97627B677CD00EA0D2E /* ContentView.swift */ = {isa = PBXFileReference; lastKnownFileType = sourcecode.swift; path = ContentView.swift; sourceTree = "<group>"; };
		86DAB97827B677CF00EA0D2E /* Assets.xcassets */ = {isa = PBXFileReference; lastKnownFileType = folder.assetcatalog; path = Assets.xcassets; sourceTree = "<group>"; };
		86DAB97B27B677CF00EA0D2E /* Preview Assets.xcassets */ = {isa = PBXFileReference; lastKnownFileType = folder.assetcatalog; path = "Preview Assets.xcassets"; sourceTree = "<group>"; };
		86DAB97D27B677CF00EA0D2E /* Persistence.swift */ = {isa = PBXFileReference; lastKnownFileType = sourcecode.swift; path = Persistence.swift; sourceTree = "<group>"; };
		86DAB98027B677CF00EA0D2E /* FoodTracker.xcdatamodel */ = {isa = PBXFileReference; lastKnownFileType = wrapper.xcdatamodel; path = FoodTracker.xcdatamodel; sourceTree = "<group>"; };
		86DAB98927B7116600EA0D2E /* FoodListRow.swift */ = {isa = PBXFileReference; lastKnownFileType = sourcecode.swift; path = FoodListRow.swift; sourceTree = "<group>"; };
		86DAB98B27B7C4B900EA0D2E /* FoodModel.swift */ = {isa = PBXFileReference; lastKnownFileType = sourcecode.swift; path = FoodModel.swift; sourceTree = "<group>"; };
		86DAB98F27B7C87A00EA0D2E /* FoodList.swift */ = {isa = PBXFileReference; lastKnownFileType = sourcecode.swift; path = FoodList.swift; sourceTree = "<group>"; };
		86DAB99127B806DB00EA0D2E /* DetailedView.swift */ = {isa = PBXFileReference; lastKnownFileType = sourcecode.swift; path = DetailedView.swift; sourceTree = "<group>"; };
		86DAB99327B81D3B00EA0D2E /* NutritionModel.swift */ = {isa = PBXFileReference; lastKnownFileType = sourcecode.swift; path = NutritionModel.swift; sourceTree = "<group>"; };
/* End PBXFileReference section */

/* Begin PBXFrameworksBuildPhase section */
		86DAB96E27B677CD00EA0D2E /* Frameworks */ = {
			isa = PBXFrameworksBuildPhase;
			buildActionMask = 2147483647;
			files = (
			);
			runOnlyForDeploymentPostprocessing = 0;
		};
/* End PBXFrameworksBuildPhase section */

/* Begin PBXGroup section */
		86DAB96827B677CD00EA0D2E = {
			isa = PBXGroup;
			children = (
				86DAB97327B677CD00EA0D2E /* FoodTracker */,
				86DAB97227B677CD00EA0D2E /* Products */,
			);
			sourceTree = "<group>";
		};
		86DAB97227B677CD00EA0D2E /* Products */ = {
			isa = PBXGroup;
			children = (
				86DAB97127B677CD00EA0D2E /* FoodTracker.app */,
			);
			name = Products;
			sourceTree = "<group>";
		};
		86DAB97327B677CD00EA0D2E /* FoodTracker */ = {
			isa = PBXGroup;
			children = (
				86DAB98827B7112700EA0D2E /* Model */,
				86DAB97427B677CD00EA0D2E /* FoodTrackerApp.swift */,
				86DAB98727B687A000EA0D2E /* Views */,
				86DAB99527BA853400EA0D2E /* Helpers */,
				86DAB97827B677CF00EA0D2E /* Assets.xcassets */,
				86DAB97A27B677CF00EA0D2E /* Preview Content */,
			);
			path = FoodTracker;
			sourceTree = "<group>";
		};
		86DAB97A27B677CF00EA0D2E /* Preview Content */ = {
			isa = PBXGroup;
			children = (
				86DAB97B27B677CF00EA0D2E /* Preview Assets.xcassets */,
			);
			path = "Preview Content";
			sourceTree = "<group>";
		};
		86DAB98727B687A000EA0D2E /* Views */ = {
			isa = PBXGroup;
			children = (
				86DAB97627B677CD00EA0D2E /* ContentView.swift */,
				86DAB98927B7116600EA0D2E /* FoodListRow.swift */,
				86DAB98F27B7C87A00EA0D2E /* FoodList.swift */,
				86DAB99127B806DB00EA0D2E /* DetailedView.swift */,
				8648ECB027BAC07C001FF1B3 /* InputView.swift */,
			);
			path = Views;
			sourceTree = "<group>";
		};
		86DAB98827B7112700EA0D2E /* Model */ = {
			isa = PBXGroup;
			children = (
				86DAB98B27B7C4B900EA0D2E /* FoodModel.swift */,
				86DAB99327B81D3B00EA0D2E /* NutritionModel.swift */,
			);
			path = Model;
			sourceTree = "<group>";
		};
		86DAB99527BA853400EA0D2E /* Helpers */ = {
			isa = PBXGroup;
			children = (
				8648ECB427BBBF9F001FF1B3 /* FoodData.swift */,
				86DAB97F27B677CF00EA0D2E /* FoodTracker.xcdatamodeld */,
				86DAB97D27B677CF00EA0D2E /* Persistence.swift */,
			);
			path = Helpers;
			sourceTree = "<group>";
		};
/* End PBXGroup section */

/* Begin PBXNativeTarget section */
		86DAB97027B677CD00EA0D2E /* FoodTracker */ = {
			isa = PBXNativeTarget;
			buildConfigurationList = 86DAB98427B677CF00EA0D2E /* Build configuration list for PBXNativeTarget "FoodTracker" */;
			buildPhases = (
				86DAB96D27B677CD00EA0D2E /* Sources */,
				86DAB96E27B677CD00EA0D2E /* Frameworks */,
				86DAB96F27B677CD00EA0D2E /* Resources */,
			);
			buildRules = (
			);
			dependencies = (
			);
			name = FoodTracker;
			productName = FoodTracker;
			productReference = 86DAB97127B677CD00EA0D2E /* FoodTracker.app */;
			productType = "com.apple.product-type.application";
		};
/* End PBXNativeTarget section */

/* Begin PBXProject section */
		86DAB96927B677CD00EA0D2E /* Project object */ = {
			isa = PBXProject;
			attributes = {
				BuildIndependentTargetsInParallel = 1;
				LastSwiftUpdateCheck = 1320;
				LastUpgradeCheck = 1320;
				TargetAttributes = {
					86DAB97027B677CD00EA0D2E = {
						CreatedOnToolsVersion = 13.2.1;
					};
				};
			};
			buildConfigurationList = 86DAB96C27B677CD00EA0D2E /* Build configuration list for PBXProject "FoodTracker" */;
			compatibilityVersion = "Xcode 13.0";
			developmentRegion = en;
			hasScannedForEncodings = 0;
			knownRegions = (
				en,
				Base,
			);
			mainGroup = 86DAB96827B677CD00EA0D2E;
			productRefGroup = 86DAB97227B677CD00EA0D2E /* Products */;
			projectDirPath = "";
			projectRoot = "";
			targets = (
				86DAB97027B677CD00EA0D2E /* FoodTracker */,
			);
		};
/* End PBXProject section */

/* Begin PBXResourcesBuildPhase section */
		86DAB96F27B677CD00EA0D2E /* Resources */ = {
			isa = PBXResourcesBuildPhase;
			buildActionMask = 2147483647;
			files = (
				86DAB97C27B677CF00EA0D2E /* Preview Assets.xcassets in Resources */,
				86DAB97927B677CF00EA0D2E /* Assets.xcassets in Resources */,
			);
			runOnlyForDeploymentPostprocessing = 0;
		};
/* End PBXResourcesBuildPhase section */

/* Begin PBXSourcesBuildPhase section */
		86DAB96D27B677CD00EA0D2E /* Sources */ = {
			isa = PBXSourcesBuildPhase;
			buildActionMask = 2147483647;
			files = (
				86DAB99227B806DB00EA0D2E /* DetailedView.swift in Sources */,
				86DAB98127B677CF00EA0D2E /* FoodTracker.xcdatamodeld in Sources */,
				8648ECB527BBBF9F001FF1B3 /* FoodData.swift in Sources */,
				86DAB97E27B677CF00EA0D2E /* Persistence.swift in Sources */,
				86DAB98A27B7116600EA0D2E /* FoodListRow.swift in Sources */,
				86DAB98C27B7C4B900EA0D2E /* FoodModel.swift in Sources */,
				86DAB99427B81D3B00EA0D2E /* NutritionModel.swift in Sources */,
				86DAB99027B7C87A00EA0D2E /* FoodList.swift in Sources */,
				8648ECB127BAC07C001FF1B3 /* InputView.swift in Sources */,
				86DAB97727B677CD00EA0D2E /* ContentView.swift in Sources */,
				86DAB97527B677CD00EA0D2E /* FoodTrackerApp.swift in Sources */,
			);
			runOnlyForDeploymentPostprocessing = 0;
		};
/* End PBXSourcesBuildPhase section */

/* Begin XCBuildConfiguration section */
		86DAB98227B677CF00EA0D2E /* Debug */ = {
			isa = XCBuildConfiguration;
			buildSettings = {
				ALWAYS_SEARCH_USER_PATHS = NO;
				CLANG_ANALYZER_NONNULL = YES;
				CLANG_ANALYZER_NUMBER_OBJECT_CONVERSION = YES_AGGRESSIVE;
				CLANG_CXX_LANGUAGE_STANDARD = "gnu++17";
				CLANG_CXX_LIBRARY = "libc++";
				CLANG_ENABLE_MODULES = YES;
				CLANG_ENABLE_OBJC_ARC = YES;
				CLANG_ENABLE_OBJC_WEAK = YES;
				CLANG_WARN_BLOCK_CAPTURE_AUTORELEASING = YES;
				CLANG_WARN_BOOL_CONVERSION = YES;
				CLANG_WARN_COMMA = YES;
				CLANG_WARN_CONSTANT_CONVERSION = YES;
				CLANG_WARN_DEPRECATED_OBJC_IMPLEMENTATIONS = YES;
				CLANG_WARN_DIRECT_OBJC_ISA_USAGE = YES_ERROR;
				CLANG_WARN_DOCUMENTATION_COMMENTS = YES;
				CLANG_WARN_EMPTY_BODY = YES;
				CLANG_WARN_ENUM_CONVERSION = YES;
				CLANG_WARN_INFINITE_RECURSION = YES;
				CLANG_WARN_INT_CONVERSION = YES;
				CLANG_WARN_NON_LITERAL_NULL_CONVERSION = YES;
				CLANG_WARN_OBJC_IMPLICIT_RETAIN_SELF = YES;
				CLANG_WARN_OBJC_LITERAL_CONVERSION = YES;
				CLANG_WARN_OBJC_ROOT_CLASS = YES_ERROR;
				CLANG_WARN_QUOTED_INCLUDE_IN_FRAMEWORK_HEADER = YES;
				CLANG_WARN_RANGE_LOOP_ANALYSIS = YES;
				CLANG_WARN_STRICT_PROTOTYPES = YES;
				CLANG_WARN_SUSPICIOUS_MOVE = YES;
				CLANG_WARN_UNGUARDED_AVAILABILITY = YES_AGGRESSIVE;
				CLANG_WARN_UNREACHABLE_CODE = YES;
				CLANG_WARN__DUPLICATE_METHOD_MATCH = YES;
				COPY_PHASE_STRIP = NO;
				DEBUG_INFORMATION_FORMAT = dwarf;
				ENABLE_STRICT_OBJC_MSGSEND = YES;
				ENABLE_TESTABILITY = YES;
				GCC_C_LANGUAGE_STANDARD = gnu11;
				GCC_DYNAMIC_NO_PIC = NO;
				GCC_NO_COMMON_BLOCKS = YES;
				GCC_OPTIMIZATION_LEVEL = 0;
				GCC_PREPROCESSOR_DEFINITIONS = (
					"DEBUG=1",
					"$(inherited)",
				);
				GCC_WARN_64_TO_32_BIT_CONVERSION = YES;
				GCC_WARN_ABOUT_RETURN_TYPE = YES_ERROR;
				GCC_WARN_UNDECLARED_SELECTOR = YES;
				GCC_WARN_UNINITIALIZED_AUTOS = YES_AGGRESSIVE;
				GCC_WARN_UNUSED_FUNCTION = YES;
				GCC_WARN_UNUSED_VARIABLE = YES;
				IPHONEOS_DEPLOYMENT_TARGET = 15.2;
				MTL_ENABLE_DEBUG_INFO = INCLUDE_SOURCE;
				MTL_FAST_MATH = YES;
				ONLY_ACTIVE_ARCH = YES;
				SDKROOT = iphoneos;
				SWIFT_ACTIVE_COMPILATION_CONDITIONS = DEBUG;
				SWIFT_OPTIMIZATION_LEVEL = "-Onone";
			};
			name = Debug;
		};
		86DAB98327B677CF00EA0D2E /* Release */ = {
			isa = XCBuildConfiguration;
			buildSettings = {
				ALWAYS_SEARCH_USER_PATHS = NO;
				CLANG_ANALYZER_NONNULL = YES;
				CLANG_ANALYZER_NUMBER_OBJECT_CONVERSION = YES_AGGRESSIVE;
				CLANG_CXX_LANGUAGE_STANDARD = "gnu++17";
				CLANG_CXX_LIBRARY = "libc++";
				CLANG_ENABLE_MODULES = YES;
				CLANG_ENABLE_OBJC_ARC = YES;
				CLANG_ENABLE_OBJC_WEAK = YES;
				CLANG_WARN_BLOCK_CAPTURE_AUTORELEASING = YES;
				CLANG_WARN_BOOL_CONVERSION = YES;
				CLANG_WARN_COMMA = YES;
				CLANG_WARN_CONSTANT_CONVERSION = YES;
				CLANG_WARN_DEPRECATED_OBJC_IMPLEMENTATIONS = YES;
				CLANG_WARN_DIRECT_OBJC_ISA_USAGE = YES_ERROR;
				CLANG_WARN_DOCUMENTATION_COMMENTS = YES;
				CLANG_WARN_EMPTY_BODY = YES;
				CLANG_WARN_ENUM_CONVERSION = YES;
				CLANG_WARN_INFINITE_RECURSION = YES;
				CLANG_WARN_INT_CONVERSION = YES;
				CLANG_WARN_NON_LITERAL_NULL_CONVERSION = YES;
				CLANG_WARN_OBJC_IMPLICIT_RETAIN_SELF = YES;
				CLANG_WARN_OBJC_LITERAL_CONVERSION = YES;
				CLANG_WARN_OBJC_ROOT_CLASS = YES_ERROR;
				CLANG_WARN_QUOTED_INCLUDE_IN_FRAMEWORK_HEADER = YES;
				CLANG_WARN_RANGE_LOOP_ANALYSIS = YES;
				CLANG_WARN_STRICT_PROTOTYPES = YES;
				CLANG_WARN_SUSPICIOUS_MOVE = YES;
				CLANG_WARN_UNGUARDED_AVAILABILITY = YES_AGGRESSIVE;
				CLANG_WARN_UNREACHABLE_CODE = YES;
				CLANG_WARN__DUPLICATE_METHOD_MATCH = YES;
				COPY_PHASE_STRIP = NO;
				DEBUG_INFORMATION_FORMAT = "dwarf-with-dsym";
				ENABLE_NS_ASSERTIONS = NO;
				ENABLE_STRICT_OBJC_MSGSEND = YES;
				GCC_C_LANGUAGE_STANDARD = gnu11;
				GCC_NO_COMMON_BLOCKS = YES;
				GCC_WARN_64_TO_32_BIT_CONVERSION = YES;
				GCC_WARN_ABOUT_RETURN_TYPE = YES_ERROR;
				GCC_WARN_UNDECLARED_SELECTOR = YES;
				GCC_WARN_UNINITIALIZED_AUTOS = YES_AGGRESSIVE;
				GCC_WARN_UNUSED_FUNCTION = YES;
				GCC_WARN_UNUSED_VARIABLE = YES;
				IPHONEOS_DEPLOYMENT_TARGET = 15.2;
				MTL_ENABLE_DEBUG_INFO = NO;
				MTL_FAST_MATH = YES;
				SDKROOT = iphoneos;
				SWIFT_COMPILATION_MODE = wholemodule;
				SWIFT_OPTIMIZATION_LEVEL = "-O";
				VALIDATE_PRODUCT = YES;
			};
			name = Release;
		};
		86DAB98527B677CF00EA0D2E /* Debug */ = {
			isa = XCBuildConfiguration;
			buildSettings = {
				ASSETCATALOG_COMPILER_APPICON_NAME = AppIcon;
				ASSETCATALOG_COMPILER_GLOBAL_ACCENT_COLOR_NAME = AccentColor;
				CODE_SIGN_STYLE = Automatic;
				CURRENT_PROJECT_VERSION = 1;
				DEVELOPMENT_ASSET_PATHS = "\"FoodTracker/Preview Content\"";
				DEVELOPMENT_TEAM = RJUQB32699;
				ENABLE_PREVIEWS = YES;
				GENERATE_INFOPLIST_FILE = YES;
				INFOPLIST_KEY_UIApplicationSceneManifest_Generation = YES;
				INFOPLIST_KEY_UIApplicationSupportsIndirectInputEvents = YES;
				INFOPLIST_KEY_UILaunchScreen_Generation = YES;
				INFOPLIST_KEY_UISupportedInterfaceOrientations_iPad = "UIInterfaceOrientationPortrait UIInterfaceOrientationPortraitUpsideDown UIInterfaceOrientationLandscapeLeft UIInterfaceOrientationLandscapeRight";
				INFOPLIST_KEY_UISupportedInterfaceOrientations_iPhone = "UIInterfaceOrientationPortrait UIInterfaceOrientationLandscapeLeft UIInterfaceOrientationLandscapeRight";
				LD_RUNPATH_SEARCH_PATHS = (
					"$(inherited)",
					"@executable_path/Frameworks",
				);
				MARKETING_VERSION = 1.0;
				PRODUCT_BUNDLE_IDENTIFIER = co.vladislav.mazurov.FoodTracker;
				PRODUCT_NAME = "$(TARGET_NAME)";
				SWIFT_EMIT_LOC_STRINGS = YES;
				SWIFT_VERSION = 5.0;
				TARGETED_DEVICE_FAMILY = "1,2";
			};
			name = Debug;
		};
		86DAB98627B677CF00EA0D2E /* Release */ = {
			isa = XCBuildConfiguration;
			buildSettings = {
				ASSETCATALOG_COMPILER_APPICON_NAME = AppIcon;
				ASSETCATALOG_COMPILER_GLOBAL_ACCENT_COLOR_NAME = AccentColor;
				CODE_SIGN_STYLE = Automatic;
				CURRENT_PROJECT_VERSION = 1;
				DEVELOPMENT_ASSET_PATHS = "\"FoodTracker/Preview Content\"";
				DEVELOPMENT_TEAM = RJUQB32699;
				ENABLE_PREVIEWS = YES;
				GENERATE_INFOPLIST_FILE = YES;
				INFOPLIST_KEY_UIApplicationSceneManifest_Generation = YES;
				INFOPLIST_KEY_UIApplicationSupportsIndirectInputEvents = YES;
				INFOPLIST_KEY_UILaunchScreen_Generation = YES;
				INFOPLIST_KEY_UISupportedInterfaceOrientations_iPad = "UIInterfaceOrientationPortrait UIInterfaceOrientationPortraitUpsideDown UIInterfaceOrientationLandscapeLeft UIInterfaceOrientationLandscapeRight";
				INFOPLIST_KEY_UISupportedInterfaceOrientations_iPhone = "UIInterfaceOrientationPortrait UIInterfaceOrientationLandscapeLeft UIInterfaceOrientationLandscapeRight";
				LD_RUNPATH_SEARCH_PATHS = (
					"$(inherited)",
					"@executable_path/Frameworks",
				);
				MARKETING_VERSION = 1.0;
				PRODUCT_BUNDLE_IDENTIFIER = co.vladislav.mazurov.FoodTracker;
				PRODUCT_NAME = "$(TARGET_NAME)";
				SWIFT_EMIT_LOC_STRINGS = YES;
				SWIFT_VERSION = 5.0;
				TARGETED_DEVICE_FAMILY = "1,2";
			};
			name = Release;
		};
/* End XCBuildConfiguration section */

/* Begin XCConfigurationList section */
		86DAB96C27B677CD00EA0D2E /* Build configuration list for PBXProject "FoodTracker" */ = {
			isa = XCConfigurationList;
			buildConfigurations = (
				86DAB98227B677CF00EA0D2E /* Debug */,
				86DAB98327B677CF00EA0D2E /* Release */,
			);
			defaultConfigurationIsVisible = 0;
			defaultConfigurationName = Release;
		};
		86DAB98427B677CF00EA0D2E /* Build configuration list for PBXNativeTarget "FoodTracker" */ = {
			isa = XCConfigurationList;
			buildConfigurations = (
				86DAB98527B677CF00EA0D2E /* Debug */,
				86DAB98627B677CF00EA0D2E /* Release */,
			);
			defaultConfigurationIsVisible = 0;
			defaultConfigurationName = Release;
		};
/* End XCConfigurationList section */

/* Begin XCVersionGroup section */
		86DAB97F27B677CF00EA0D2E /* FoodTracker.xcdatamodeld */ = {
			isa = XCVersionGroup;
			children = (
				86DAB98027B677CF00EA0D2E /* FoodTracker.xcdatamodel */,
			);
			currentVersion = 86DAB98027B677CF00EA0D2E /* FoodTracker.xcdatamodel */;
			path = FoodTracker.xcdatamodeld;
			sourceTree = "<group>";
			versionGroupType = wrapper.xcdatamodel;
		};
/* End XCVersionGroup section */
	};
	rootObject = 86DAB96927B677CD00EA0D2E /* Project object */;
}
